
Microsoft Visual Studio Solution File, Format Version 12.00
# Visual Studio Version 17
VisualStudioVersion = 17.4.33213.308
MinimumVisualStudioVersion = 10.0.40219.1
Project("{2150E333-8FDC-42A3-9474-1A3956D46DE8}") = "Doc", "Doc", "{921200B9-B229-4834-8C56-2352799684C5}"
EndProject
Project("{2150E333-8FDC-42A3-9474-1A3956D46DE8}") = "Src", "Src", "{DDA60052-4244-497D-AABD-5FA9A11DD360}"
EndProject
Project("{2150E333-8FDC-42A3-9474-1A3956D46DE8}") = "Test", "Test", "{7528C6FE-D8B7-4828-9D52-6E8C406F8D9D}"
EndProject
Project("{2150E333-8FDC-42A3-9474-1A3956D46DE8}") = "Solution Item", "Solution Item", "{D797A56C-6D07-4B09-AF2F-9912F74408E2}"
EndProject
Project("{2150E333-8FDC-42A3-9474-1A3956D46DE8}") = "Core", "Core", "{7E1DCB63-2CAE-4DD0-A67D-866B8CCA2C79}"
EndProject
Project("{2150E333-8FDC-42A3-9474-1A3956D46DE8}") = "Infrustructure", "Infrustructure", "{D2E5AE98-E8CE-40B9-80F5-30AC3D7D4D47}"
EndProject
Project("{2150E333-8FDC-42A3-9474-1A3956D46DE8}") = "Presentation", "Presentation", "{5B4A3E8F-BF50-4C41-A009-512B87E25569}"
EndProject
Project("{9A19103F-16F7-4668-BE54-9A1E7A4F7556}") = "AliShop.Domain", "AliShop.Domain\AliShop.Domain.csproj", "{8E1D9446-8728-4B56-9730-E8B866E742AB}"
EndProject
Project("{9A19103F-16F7-4668-BE54-9A1E7A4F7556}") = "AliShop.Application", "AliShop.Application\AliShop.Application.csproj", "{893C132A-D6C7-49C1-8CE2-F1FDFBCB37C4}"
EndProject
Project("{9A19103F-16F7-4668-BE54-9A1E7A4F7556}") = "AliShop.Infrustructure", "AliShop.Infrustructure\AliShop.Infrustructure.csproj", "{71BD289B-239A-426C-B286-0D49C82BD147}"
EndProject
Project("{9A19103F-16F7-4668-BE54-9A1E7A4F7556}") = "AliShop.Persistence", "AliShop.Persistence\AliShop.Persistence.csproj", "{1A168F50-CC2C-497A-A86A-FB4DA817352A}"
EndProject
Project("{9A19103F-16F7-4668-BE54-9A1E7A4F7556}") = "WebSite.EndPoint", "WebSite.EndPoint\WebSite.EndPoint.csproj", "{919C0952-A192-486B-8FAA-0BEC5567B972}"
EndProject
Project("{9A19103F-16F7-4668-BE54-9A1E7A4F7556}") = "Admin.EndPoint", "Admin.EndPoint\Admin.EndPoint.csproj", "{FF23F476-C974-40C7-B2A2-8FB2C4EA4D43}"
EndProject
Project("{2150E333-8FDC-42A3-9474-1A3956D46DE8}") = "Commons", "Commons", "{04D88ED7-C642-4E22-BA86-618B77101C05}"
EndProject
Project("{FAE04EC0-301F-11D3-BF4B-00C04F79EFBC}") = "Common", "Common\Common.csproj", "{EEAD08C1-AE10-4D92-A19F-8C72C8A37CCA}"
EndProject
Global
	GlobalSection(SolutionConfigurationPlatforms) = preSolution
		Debug|Any CPU = Debug|Any CPU
		Release|Any CPU = Release|Any CPU
	EndGlobalSection
	GlobalSection(ProjectConfigurationPlatforms) = postSolution
		{8E1D9446-8728-4B56-9730-E8B866E742AB}.Debug|Any CPU.ActiveCfg = Debug|Any CPU
		{8E1D9446-8728-4B56-9730-E8B866E742AB}.Debug|Any CPU.Build.0 = Debug|Any CPU
		{8E1D9446-8728-4B56-9730-E8B866E742AB}.Release|Any CPU.ActiveCfg = Release|Any CPU
		{8E1D9446-8728-4B56-9730-E8B866E742AB}.Release|Any CPU.Build.0 = Release|Any CPU
		{893C132A-D6C7-49C1-8CE2-F1FDFBCB37C4}.Debug|Any CPU.ActiveCfg = Debug|Any CPU
		{893C132A-D6C7-49C1-8CE2-F1FDFBCB37C4}.Debug|Any CPU.Build.0 = Debug|Any CPU
		{893C132A-D6C7-49C1-8CE2-F1FDFBCB37C4}.Release|Any CPU.ActiveCfg = Release|Any CPU
		{893C132A-D6C7-49C1-8CE2-F1FDFBCB37C4}.Release|Any CPU.Build.0 = Release|Any CPU
		{71BD289B-239A-426C-B286-0D49C82BD147}.Debug|Any CPU.ActiveCfg = Debug|Any CPU
		{71BD289B-239A-426C-B286-0D49C82BD147}.Debug|Any CPU.Build.0 = Debug|Any CPU
		{71BD289B-239A-426C-B286-0D49C82BD147}.Release|Any CPU.ActiveCfg = Release|Any CPU
		{71BD289B-239A-426C-B286-0D49C82BD147}.Release|Any CPU.Build.0 = Release|Any CPU
		{1A168F50-CC2C-497A-A86A-FB4DA817352A}.Debug|Any CPU.ActiveCfg = Debug|Any CPU
		{1A168F50-CC2C-497A-A86A-FB4DA817352A}.Debug|Any CPU.Build.0 = Debug|Any CPU
		{1A168F50-CC2C-497A-A86A-FB4DA817352A}.Release|Any CPU.ActiveCfg = Release|Any CPU
		{1A168F50-CC2C-497A-A86A-FB4DA817352A}.Release|Any CPU.Build.0 = Release|Any CPU
		{919C0952-A192-486B-8FAA-0BEC5567B972}.Debug|Any CPU.ActiveCfg = Debug|Any CPU
		{919C0952-A192-486B-8FAA-0BEC5567B972}.Debug|Any CPU.Build.0 = Debug|Any CPU
		{919C0952-A192-486B-8FAA-0BEC5567B972}.Release|Any CPU.ActiveCfg = Release|Any CPU
		{919C0952-A192-486B-8FAA-0BEC5567B972}.Release|Any CPU.Build.0 = Release|Any CPU
		{FF23F476-C974-40C7-B2A2-8FB2C4EA4D43}.Debug|Any CPU.ActiveCfg = Debug|Any CPU
		{FF23F476-C974-40C7-B2A2-8FB2C4EA4D43}.Debug|Any CPU.Build.0 = Debug|Any CPU
		{FF23F476-C974-40C7-B2A2-8FB2C4EA4D43}.Release|Any CPU.ActiveCfg = Release|Any CPU
		{FF23F476-C974-40C7-B2A2-8FB2C4EA4D43}.Release|Any CPU.Build.0 = Release|Any CPU
		{EEAD08C1-AE10-4D92-A19F-8C72C8A37CCA}.Debug|Any CPU.ActiveCfg = Debug|Any CPU
		{EEAD08C1-AE10-4D92-A19F-8C72C8A37CCA}.Debug|Any CPU.Build.0 = Debug|Any CPU
		{EEAD08C1-AE10-4D92-A19F-8C72C8A37CCA}.Release|Any CPU.ActiveCfg = Release|Any CPU
		{EEAD08C1-AE10-4D92-A19F-8C72C8A37CCA}.Release|Any CPU.Build.0 = Release|Any CPU
	EndGlobalSection
	GlobalSection(SolutionProperties) = preSolution
		HideSolutionNode = FALSE
	EndGlobalSection
	GlobalSection(NestedProjects) = preSolution
		{7E1DCB63-2CAE-4DD0-A67D-866B8CCA2C79} = {DDA60052-4244-497D-AABD-5FA9A11DD360}
		{D2E5AE98-E8CE-40B9-80F5-30AC3D7D4D47} = {DDA60052-4244-497D-AABD-5FA9A11DD360}
		{5B4A3E8F-BF50-4C41-A009-512B87E25569} = {DDA60052-4244-497D-AABD-5FA9A11DD360}
		{8E1D9446-8728-4B56-9730-E8B866E742AB} = {7E1DCB63-2CAE-4DD0-A67D-866B8CCA2C79}
		{893C132A-D6C7-49C1-8CE2-F1FDFBCB37C4} = {7E1DCB63-2CAE-4DD0-A67D-866B8CCA2C79}
		{71BD289B-239A-426C-B286-0D49C82BD147} = {D2E5AE98-E8CE-40B9-80F5-30AC3D7D4D47}
		{1A168F50-CC2C-497A-A86A-FB4DA817352A} = {D2E5AE98-E8CE-40B9-80F5-30AC3D7D4D47}
		{919C0952-A192-486B-8FAA-0BEC5567B972} = {5B4A3E8F-BF50-4C41-A009-512B87E25569}
		{FF23F476-C974-40C7-B2A2-8FB2C4EA4D43} = {5B4A3E8F-BF50-4C41-A009-512B87E25569}
		{04D88ED7-C642-4E22-BA86-618B77101C05} = {DDA60052-4244-497D-AABD-5FA9A11DD360}
		{EEAD08C1-AE10-4D92-A19F-8C72C8A37CCA} = {04D88ED7-C642-4E22-BA86-618B77101C05}
	EndGlobalSection
	GlobalSection(ExtensibilityGlobals) = postSolution
		SolutionGuid = {44AC0131-3455-4E80-9E18-F82C0CA842D7}
	EndGlobalSection
EndGlobal
